
Microsoft Visual Studio Solution File, Format Version 12.00
# Visual Studio Version 17
VisualStudioVersion = 17.0.32014.148
MinimumVisualStudioVersion = 10.0.40219.1
Project("{FAE04EC0-301F-11D3-BF4B-00C04F79EFBC}") = "ProductApp", "ProductApp\ProductApp.csproj", "{8A539E65-4513-4FF6-9404-8B28C8277CAC}"
EndProject
Global
	GlobalSection(SolutionConfigurationPlatforms) = preSolution
		Debug|Any CPU = Debug|Any CPU
		Release|Any CPU = Release|Any CPU
	EndGlobalSection
	GlobalSection(ProjectConfigurationPlatforms) = postSolution
		{8A539E65-4513-4FF6-9404-8B28C8277CAC}.Debug|Any CPU.ActiveCfg = Debug|Any CPU
		{8A539E65-4513-4FF6-9404-8B28C8277CAC}.Debug|Any CPU.Build.0 = Debug|Any CPU
		{8A539E65-4513-4FF6-9404-8B28C8277CAC}.Release|Any CPU.ActiveCfg = Release|Any CPU
		{8A539E65-4513-4FF6-9404-8B28C8277CAC}.Release|Any CPU.Build.0 = Release|Any CPU
	EndGlobalSection
	GlobalSection(SolutionProperties) = preSolution
		HideSolutionNode = FALSE
	EndGlobalSection
	GlobalSection(ExtensibilityGlobals) = postSolution
		SolutionGuid = {49AF2B90-48B4-40B6-9228-1DA261406AB8}
	EndGlobalSection
EndGlobal
